
Microsoft Visual Studio Solution File, Format Version 12.00
# Visual Studio Version 16
VisualStudioVersion = 16.0.32126.315
MinimumVisualStudioVersion = 10.0.40219.1
Project("{FAE04EC0-301F-11D3-BF4B-00C04F79EFBC}") = "Workstation", "Workstation\Workstation.csproj", "{6ECE56E9-5921-425D-B06F-E98B7AC93F95}"
EndProject
Project("{FAE04EC0-301F-11D3-BF4B-00C04F79EFBC}") = "WordService", "WordService\WordService.csproj", "{073F3F90-77C4-458D-9CCC-8DF927D4D098}"
EndProject
Global
	GlobalSection(SolutionConfigurationPlatforms) = preSolution
		Debug|Any CPU = Debug|Any CPU
		Release|Any CPU = Release|Any CPU
	EndGlobalSection
	GlobalSection(ProjectConfigurationPlatforms) = postSolution
		{6ECE56E9-5921-425D-B06F-E98B7AC93F95}.Debug|Any CPU.ActiveCfg = Debug|Any CPU
		{6ECE56E9-5921-425D-B06F-E98B7AC93F95}.Debug|Any CPU.Build.0 = Debug|Any CPU
		{6ECE56E9-5921-425D-B06F-E98B7AC93F95}.Release|Any CPU.ActiveCfg = Release|Any CPU
		{6ECE56E9-5921-425D-B06F-E98B7AC93F95}.Release|Any CPU.Build.0 = Release|Any CPU
		{073F3F90-77C4-458D-9CCC-8DF927D4D098}.Debug|Any CPU.ActiveCfg = Debug|Any CPU
		{073F3F90-77C4-458D-9CCC-8DF927D4D098}.Debug|Any CPU.Build.0 = Debug|Any CPU
		{073F3F90-77C4-458D-9CCC-8DF927D4D098}.Release|Any CPU.ActiveCfg = Release|Any CPU
		{073F3F90-77C4-458D-9CCC-8DF927D4D098}.Release|Any CPU.Build.0 = Release|Any CPU
	EndGlobalSection
	GlobalSection(SolutionProperties) = preSolution
		HideSolutionNode = FALSE
	EndGlobalSection
	GlobalSection(ExtensibilityGlobals) = postSolution
		SolutionGuid = {46505C49-6514-4960-B01A-6E6D693E6BA6}
	EndGlobalSection
EndGlobal
